{
  "name": "wormhole",
  "version": "4.0.0",
  "lockfileVersion": 1,
  "requires": true,
  "dependencies": {
    "diff": {
      "version": "1.0.8",
      "resolved": "https://registry.npmjs.org/diff/-/diff-1.0.8.tgz",
      "integrity": "sha1-NDJ2MI7Jkbe8giZ+1VvBQR+XFmY="
    },
    "eyes": {
      "version": "0.1.8",
      "resolved": "https://registry.npmjs.org/eyes/-/eyes-0.1.8.tgz",
      "integrity": "sha1-Ys8SAjTGg3hdkCNIqADvPgzCC8A="
    },
    "glob": {
      "version": "4.0.6",
      "resolved": "https://registry.npmjs.org/glob/-/glob-4.0.6.tgz",
      "integrity": "sha1-aVxQvdTi+1xdNwsJHziNNwfikac=",
      "requires": {
        "graceful-fs": "3.0.11",
        "inherits": "2.0.3",
        "minimatch": "1.0.0",
        "once": "1.4.0"
      }
    },
    "graceful-fs": {
      "version": "3.0.11",
      "resolved": "https://registry.npmjs.org/graceful-fs/-/graceful-fs-3.0.11.tgz",
      "integrity": "sha1-dhPHeKGv6mLyXGMKCG1/Osu92Bg=",
      "requires": {
        "natives": "1.1.0"
      }
    },
    "inherits": {
      "version": "2.0.3",
      "resolved": "https://registry.npmjs.org/inherits/-/inherits-2.0.3.tgz",
      "integrity": "sha1-Yzwsg+PaQqUC9SRmAiSA9CCCYd4="
    },
    "lru-cache": {
      "version": "2.7.3",
      "resolved": "https://registry.npmjs.org/lru-cache/-/lru-cache-2.7.3.tgz",
      "integrity": "sha1-bUUk6LlV+V1PW1iFHOId1y+06VI="
    },
    "minimatch": {
      "version": "1.0.0",
      "resolved": "https://registry.npmjs.org/minimatch/-/minimatch-1.0.0.tgz",
      "integrity": "sha1-4N0hILSeG3JM6NcUxSCCKpQ4V20=",
      "requires": {
        "lru-cache": "2.7.3",
        "sigmund": "1.0.1"
      }
    },
    "natives": {
      "version": "1.1.0",
      "resolved": "https://registry.npmjs.org/natives/-/natives-1.1.0.tgz",
      "integrity": "sha1-6f+EFBimsux6SV6TmYT3jxY+bjE="
    },
    "once": {
      "version": "1.4.0",
      "resolved": "https://registry.npmjs.org/once/-/once-1.4.0.tgz",
      "integrity": "sha1-WDsap3WWHUsROsF9nFC6753Xa9E=",
      "requires": {
        "wrappy": "1.0.2"
      }
    },
    "sigmund": {
      "version": "1.0.1",
      "resolved": "https://registry.npmjs.org/sigmund/-/sigmund-1.0.1.tgz",
      "integrity": "sha1-P/IfGYytIXX587eBhT/ZTQ0ZtZA="
    },
    "testrunner": {
      "version": "1.0.4",
      "resolved": "https://registry.npmjs.org/testrunner/-/testrunner-1.0.4.tgz",
      "integrity": "sha1-fKVaOuGvnmmPSQlmKA8va/anuoM=",
      "requires": {
        "vows": "0.8.1"
      }
    },
    "vows": {
      "version": "0.8.1",
      "resolved": "https://registry.npmjs.org/vows/-/vows-0.8.1.tgz",
      "integrity": "sha1-4J6YjOWUygWgjXKrzKNOiNtVkTE=",
      "requires": {
        "diff": "1.0.8",
        "eyes": "0.1.8",
        "glob": "4.0.6"
      }
    },
    "wrappy": {
      "version": "1.0.2",
      "resolved": "https://registry.npmjs.org/wrappy/-/wrappy-1.0.2.tgz",
      "integrity": "sha1-tSQ9jz7BqjXxNkYFvA0QNuMKtp8="
    }
  }
}
